hash: 67d914e1c77462ec1c45f00f5dda95f926777e6a009053af07d80f120e98f893
updated: 2019-02-28T08:12:53.644698-05:00
imports:
- name: github.com/hpcloud/tail
  version: a30252cb686a21eb2d0b98132633053ec2f7f1e5
- name: github.com/onsi/ginkgo
  version: 2e1be8f7d90e9d3e3e58b0ce470f2f14d075406f
- name: github.com/onsi/gomega
  version: 65fb64232476ad9046e57c26cd0bff3d3a8dc6cd
- name: golang.org/x/net
  version: 5ccada7d0a7ba9aeb5d3aca8d3501b4c2a509fec
  subpackages:
  - html/charset
- name: golang.org/x/text
  version: f21a4dfb5e38f5895301dc265a8def02365cc3d0
  subpackages:
  - encoding
- name: gopkg.in/yaml.v2
  version: 51d6538a90f86fe93ac480b35f37b2be17fef232
testImports: []
